
Microsoft Visual Studio Solution File, Format Version 12.00
# Visual Studio Version 17
VisualStudioVersion = 17.2.32630.192
MinimumVisualStudioVersion = 10.0.40219.1
Project("{9A19103F-16F7-4668-BE54-9A1E7A4F7556}") = "costbenefi", "costbenefi.csproj", "{19356ACD-B931-40AB-AEEA-BBAAD64F7758}"
EndProject
Project("{2150E333-8FDC-42A3-9474-1A3956D46DE8}") = "Data", "Data", "{B10AEDB1-219F-4B3E-88E6-2D9FB5C4BD33}"
	ProjectSection(SolutionItems) = preProject
		AppDbContext.cs = AppDbContext.cs
	EndProjectSection
EndProject
Project("{2150E333-8FDC-42A3-9474-1A3956D46DE8}") = "Services", "Services", "{4669A151-9FDC-4236-88BB-FBBFCCDB57D7}"
	ProjectSection(SolutionItems) = preProject
		BasculaService.cs = BasculaService.cs
		CorteCajaService.cs = CorteCajaService.cs
		CorteRobustoService.cs = CorteRobustoService.cs
		GlobalScannerService.cs = GlobalScannerService.cs
		POSIntegrationService.cs = POSIntegrationService.cs
		ScannerPOSService.cs = ScannerPOSService.cs
		ScannerProtectionService.cs = ScannerProtectionService.cs
		SessionManager.cs = SessionManager.cs
		SoporteSystem.cs = SoporteSystem.cs
		StockExelServices.cs = StockExelServices.cs
		StockPDFService.cs = StockPDFService.cs
		TicketPrinter.cs = TicketPrinter.cs
		UnifiedScannerService.cs = UnifiedScannerService.cs
		UserService.cs = UserService.cs
		VentasExcelService.cs = VentasExcelService.cs
		VentasPDFService.cs = VentasPDFService.cs
	EndProjectSection
EndProject
Project("{2150E333-8FDC-42A3-9474-1A3956D46DE8}") = "Views", "Views", "{8B1021B9-E21E-492B-83DD-6A5046CA4BA3}"
	ProjectSection(SolutionItems) = preProject
		AnalisisABCWindow.xaml = AnalisisABCWindow.xaml
		AnalisisABCWindow.xaml.cs = AnalisisABCWindow.xaml.cs
		AnalisisFinancieroAvanzadoWindow.xaml = AnalisisFinancieroAvanzadoWindow.xaml
		AnalisisFinancieroAvanzadoWindow.xaml.cs = AnalisisFinancieroAvanzadoWindow.xaml.cs
		AnalisisMainControl.xaml = AnalisisMainControl.xaml
		AnalisisMainControl.xaml.cs = AnalisisMainControl.xaml.cs
		AnalisisRentabilidadWindow.xaml = AnalisisRentabilidadWindow.xaml
		AnalisisRentabilidadWindow.xaml.cs = AnalisisRentabilidadWindow.xaml.cs
		VentanaConfiguracionABC.xaml = VentanaConfiguracionABC.xaml
		VentanaConfiguracionABC.xaml.cs = VentanaConfiguracionABC.xaml.cs
		VentanaConfiguracionRentabilidad.xaml = VentanaConfiguracionRentabilidad.xaml
		VentanaConfiguracionRentabilidad.xaml.cs = VentanaConfiguracionRentabilidad.xaml.cs
		VentanaDistribucionAmpliada.xaml = VentanaDistribucionAmpliada.xaml
		VentanaDistribucionAmpliada.xaml.cs = VentanaDistribucionAmpliada.xaml.cs
		VentanaGraficoAmpliado.xaml = VentanaGraficoAmpliado.xaml
		VentanaGraficoAmpliado.xaml.cs = VentanaGraficoAmpliado.xaml.cs
		VentanaGraficoAmpliadoRentabilidad.xaml = VentanaGraficoAmpliadoRentabilidad.xaml
		VentanaGraficoAmpliadoRentabilidad.xaml.cs = VentanaGraficoAmpliadoRentabilidad.xaml.cs
	EndProjectSection
EndProject
Project("{2150E333-8FDC-42A3-9474-1A3956D46DE8}") = "Models", "Models", "{CB0EA23B-7609-429B-AE5F-878D7E0ED6A5}"
	ProjectSection(SolutionItems) = preProject
		CalculadoraFinancieraAvanzada.cs = CalculadoraFinancieraAvanzada.cs
		ConfiguracionBascula.cs = ConfiguracionBascula.cs
		Converters.cs = Converters.cs
		CorteCaja.cs = CorteCaja.cs
		DatosProductoTerminado.cs = DatosProductoTerminado.cs
		DetalleVenta.cs = DetalleVenta.cs
		EstadoLote.cs = EstadoLote.cs
		LoteFabricacion.cs = LoteFabricacion.cs
		MaterialCalculator.cs = MaterialCalculator.cs
		MaterialServicio.cs = MaterialServicio.cs
		Movimiento.cs = Movimiento.cs
		ProcesoFabricacion.cs = ProcesoFabricacion.cs
		ProductoSeleccionable.cs = ProductoSeleccionable.cs
		PromocionVenta.cs = PromocionVenta.cs
		RawMaterial.cs = RawMaterial.cs
		RecetaDetalle.cs = RecetaDetalle.cs
		ServicioVenta.cs = ServicioVenta.cs
		StartupManager.cs = StartupManager.cs
		TypeHelper.cs = TypeHelper.cs
		User.cs = User.cs
		UserSession.cs = UserSession.cs
		Venta.cs = Venta.cs
	EndProjectSection
EndProject
Project("{2150E333-8FDC-42A3-9474-1A3956D46DE8}") = "Converters", "Converters", "{FB82A8DF-6051-40BC-9502-FB455A94671E}"
EndProject
Project("{2150E333-8FDC-42A3-9474-1A3956D46DE8}") = "Helpers", "Helpers", "{243C8E17-7868-44CF-8126-584298C99D22}"
	ProjectSection(SolutionItems) = preProject
		MaterialCalculationHelper.cs = MaterialCalculationHelper.cs
		UnitsHelper.cs = UnitsHelper.cs
	EndProjectSection
EndProject
Project("{2150E333-8FDC-42A3-9474-1A3956D46DE8}") = "Reportes", "Reportes", "{2AE6F244-01B2-450B-9D25-F26A473C3F77}"
	ProjectSection(SolutionItems) = preProject
		ReporteMovimientos.cs = ReporteMovimientos.cs
		ReporteStock.cs = ReporteStock.cs
		ReporteVentas.cs = ReporteVentas.cs
		TiposReportes.cs = TiposReportes.cs
	EndProjectSection
EndProject
Project("{2150E333-8FDC-42A3-9474-1A3956D46DE8}") = "Almacen_agrear_editar", "Almacen_agrear_editar", "{6202C26B-1D9A-450E-8F80-6F3F5193CDDA}"
	ProjectSection(SolutionItems) = preProject
		AddMaterialGranelWindow.xaml = AddMaterialGranelWindow.xaml
		AddMaterialGranelWindow.xaml.cs = AddMaterialGranelWindow.xaml.cs
		AddMaterialPiezasWindow.xaml = AddMaterialPiezasWindow.xaml
		AddMaterialPiezasWindow.xaml.cs = AddMaterialPiezasWindow.xaml.cs
		BarcodeScannerWindow.xaml = BarcodeScannerWindow.xaml
		BarcodeScannerWindow.xaml.cs = BarcodeScannerWindow.xaml.cs
		EditMaterialWindow.xaml = EditMaterialWindow.xaml
		EditMaterialWindow.xaml.cs = EditMaterialWindow.xaml.cs
	EndProjectSection
EndProject
Project("{2150E333-8FDC-42A3-9474-1A3956D46DE8}") = "Auxiliares", "Auxiliares", "{3752C113-5FEA-4D3C-8FE4-3AACA9B549AC}"
	ProjectSection(SolutionItems) = preProject
		ButtonAnimation.cs = ButtonAnimation.cs
		ClasesAuxiliares.cs = ClasesAuxiliares.cs
	EndProjectSection
EndProject
Project("{2150E333-8FDC-42A3-9474-1A3956D46DE8}") = "informacion", "informacion", "{BB6D79AC-DF4D-4327-AAC8-8575AAE57C01}"
	ProjectSection(SolutionItems) = preProject
		MiInformacionWindow.xaml = MiInformacionWindow.xaml
		MiInformacionWindow.xaml.cs = MiInformacionWindow.xaml.cs
	EndProjectSection
EndProject
Project("{2150E333-8FDC-42A3-9474-1A3956D46DE8}") = "Reporte_auditoria", "Reporte_auditoria", "{75990FAE-022C-4114-9B92-508FAA8A3989}"
	ProjectSection(SolutionItems) = preProject
		ReporteCorteCajaWindow.cs = ReporteCorteCajaWindow.cs
		ReporteMovimientosWindow.xaml = ReporteMovimientosWindow.xaml
		ReporteMovimientosWindow.xaml.cs = ReporteMovimientosWindow.xaml.cs
		ReporteSelectorWindow.xaml = ReporteSelectorWindow.xaml
		ReporteSelectorWindow.xaml.cs = ReporteSelectorWindow.xaml.cs
		ReporteStockWindow.xaml = ReporteStockWindow.xaml
		ReporteStockWindow.xaml.cs = ReporteStockWindow.xaml.cs
		ReporteVentasWindow.xaml = ReporteVentasWindow.xaml
		ReporteVentasWindow.xaml.cs = ReporteVentasWindow.xaml.cs
		TipoMaterialSelectorWindow.xaml = TipoMaterialSelectorWindow.xaml
		TipoMaterialSelectorWindow.xaml.cs = TipoMaterialSelectorWindow.xaml.cs
	EndProjectSection
EndProject
Project("{2150E333-8FDC-42A3-9474-1A3956D46DE8}") = "punto de venta", "punto de venta", "{E64E27AA-6F65-436E-9C78-DD7412632F90}"
	ProjectSection(SolutionItems) = preProject
		AplicarDescuentoWindow.xaml = AplicarDescuentoWindow.xaml
		AplicarDescuentoWindow.xaml.cs = AplicarDescuentoWindow.xaml.cs
		AutorizacionDescuentoWindow.xaml = AutorizacionDescuentoWindow.xaml
		AutorizacionDescuentoWindow.xaml.cs = AutorizacionDescuentoWindow.xaml.cs
		ConfigurarBasculaWindow.xaml.cs = ConfigurarBasculaWindow.xaml.cs
		ConfigurarComisionesWindow.xaml.cs = ConfigurarComisionesWindow.xaml.cs
		ConfigurarImpresoraWindow.xaml.cs = ConfigurarImpresoraWindow.xaml.cs
		ConfigurarPrecioVentaWindow.xaml.cs = ConfigurarPrecioVentaWindow.xaml.cs
		CorteCajaWindow.xaml = CorteCajaWindow.xaml
		CorteCajaWindow.xaml.cs = CorteCajaWindow.xaml.cs
		CrearEditarPromocionWindow.xaml = CrearEditarPromocionWindow.xaml
		CrearEditarPromocionWindow.xaml.cs = CrearEditarPromocionWindow.xaml.cs
		CrearEditarServicioWindow.xaml = CrearEditarServicioWindow.xaml
		CrearEditarServicioWindow.xaml.cs = CrearEditarServicioWindow.xaml.cs
		IngresarCantidadWindow.xaml = IngresarCantidadWindow.xaml
		IngresarCantidadWindow.xaml.cs = IngresarCantidadWindow.xaml.cs
		IngresarPesoWindow.xaml.cs = IngresarPesoWindow.xaml.cs
		ProcesarPagoWindow.xaml.cs = ProcesarPagoWindow.xaml.cs
		ServiciosVentaWindow.xaml.cs = ServiciosVentaWindow.xaml.cs
	EndProjectSection
EndProject
Project("{2150E333-8FDC-42A3-9474-1A3956D46DE8}") = "usuarios", "usuarios", "{8866BB46-638D-4F6C-8D8D-06548F85F15B}"
	ProjectSection(SolutionItems) = preProject
		CrearEditarUsuarioWindow.xaml = CrearEditarUsuarioWindow.xaml
		CrearEditarUsuarioWindow.xaml.cs = CrearEditarUsuarioWindow.xaml.cs
		FirstTimeSetupWindow.xaml = FirstTimeSetupWindow.xaml
		FirstTimeSetupWindow.xaml.cs = FirstTimeSetupWindow.xaml.cs
		GestionUsuariosWindow.xaml = GestionUsuariosWindow.xaml
		GestionUsuariosWindow.xaml.cs = GestionUsuariosWindow.xaml.cs
		HistorialSesionesWindow.xaml = HistorialSesionesWindow.xaml
		HistorialSesionesWindow.xaml.cs = HistorialSesionesWindow.xaml.cs
		LoginWindow.xaml = LoginWindow.xaml
		LoginWindow.xaml.cs = LoginWindow.xaml.cs
		SelectorUsuarioWindow.xaml = SelectorUsuarioWindow.xaml
		SelectorUsuarioWindow.xaml.cs = SelectorUsuarioWindow.xaml.cs
	EndProjectSection
EndProject
Project("{2150E333-8FDC-42A3-9474-1A3956D46DE8}") = "UserControls", "UserControls", "{5548DE8E-3FC1-4470-9CAC-65EB4DE23161}"
	ProjectSection(SolutionItems) = preProject
		MateriaPrimaWindow.xaml = MateriaPrimaWindow.xaml
		MateriaPrimaWindow.xaml.cs = MateriaPrimaWindow.xaml.cs
		ProcesosMainControl.xaml = ProcesosMainControl.xaml
		ProcesosMainControl.xaml.cs = ProcesosMainControl.xaml.cs
	EndProjectSection
EndProject
Project("{2150E333-8FDC-42A3-9474-1A3956D46DE8}") = "Procesos", "Procesos", "{6496840B-58F4-4A1D-98A5-BD27123986B8}"
	ProjectSection(SolutionItems) = preProject
		CompletarProductoTerminadoWindow.xaml = CompletarProductoTerminadoWindow.xaml
		CompletarProductoTerminadoWindow.xaml.cs = CompletarProductoTerminadoWindow.xaml.cs
		CrearEditarProcesoWindow.xaml = CrearEditarProcesoWindow.xaml
		CrearEditarProcesoWindow.xaml.cs = CrearEditarProcesoWindow.xaml.cs
		EjecutarFabricacionWindow.xaml = EjecutarFabricacionWindow.xaml
		EjecutarFabricacionWindow.xaml.cs = EjecutarFabricacionWindow.xaml.cs
		FabricacionProceso.xaml = FabricacionProceso.xaml
		FabricacionProceso.xaml.cs = FabricacionProceso.xaml.cs
		FabricacionWindow.xaml = FabricacionWindow.xaml
		FabricacionWindow.xaml.cs = FabricacionWindow.xaml.cs
		ServiciosVentaWindow.xaml = ServiciosVentaWindow.xaml
		ServiciosVentaWindow.xaml.cs = ServiciosVentaWindow.xaml.cs
	EndProjectSection
EndProject
Global
	GlobalSection(SolutionConfigurationPlatforms) = preSolution
		Debug|Any CPU = Debug|Any CPU
		Release|Any CPU = Release|Any CPU
	EndGlobalSection
	GlobalSection(ProjectConfigurationPlatforms) = postSolution
		{19356ACD-B931-40AB-AEEA-BBAAD64F7758}.Debug|Any CPU.ActiveCfg = Debug|Any CPU
		{19356ACD-B931-40AB-AEEA-BBAAD64F7758}.Debug|Any CPU.Build.0 = Debug|Any CPU
		{19356ACD-B931-40AB-AEEA-BBAAD64F7758}.Release|Any CPU.ActiveCfg = Release|Any CPU
		{19356ACD-B931-40AB-AEEA-BBAAD64F7758}.Release|Any CPU.Build.0 = Release|Any CPU
	EndGlobalSection
	GlobalSection(SolutionProperties) = preSolution
		HideSolutionNode = FALSE
	EndGlobalSection
	GlobalSection(NestedProjects) = preSolution
		{2AE6F244-01B2-450B-9D25-F26A473C3F77} = {CB0EA23B-7609-429B-AE5F-878D7E0ED6A5}
		{6202C26B-1D9A-450E-8F80-6F3F5193CDDA} = {8B1021B9-E21E-492B-83DD-6A5046CA4BA3}
		{3752C113-5FEA-4D3C-8FE4-3AACA9B549AC} = {8B1021B9-E21E-492B-83DD-6A5046CA4BA3}
		{BB6D79AC-DF4D-4327-AAC8-8575AAE57C01} = {8B1021B9-E21E-492B-83DD-6A5046CA4BA3}
		{75990FAE-022C-4114-9B92-508FAA8A3989} = {8B1021B9-E21E-492B-83DD-6A5046CA4BA3}
		{E64E27AA-6F65-436E-9C78-DD7412632F90} = {8B1021B9-E21E-492B-83DD-6A5046CA4BA3}
		{8866BB46-638D-4F6C-8D8D-06548F85F15B} = {8B1021B9-E21E-492B-83DD-6A5046CA4BA3}
		{5548DE8E-3FC1-4470-9CAC-65EB4DE23161} = {8B1021B9-E21E-492B-83DD-6A5046CA4BA3}
		{6496840B-58F4-4A1D-98A5-BD27123986B8} = {8B1021B9-E21E-492B-83DD-6A5046CA4BA3}
	EndGlobalSection
	GlobalSection(ExtensibilityGlobals) = postSolution
		SolutionGuid = {40C49D51-0910-42B9-B9B4-A1B5D9126FA2}
	EndGlobalSection
EndGlobal
